# THIS IS AN AUTOGENERATED FILE. DO NOT EDIT THIS FILE DIRECTLY.
# yarn lockfile v1


"@jupyter-widgets/base@^1.0.1":
  version "1.0.1"
  resolved "https://registry.yarnpkg.com/@jupyter-widgets/base/-/base-1.0.1.tgz#e91dab34b82ba10bdcd43b29f071cb93e6d0fea8"
  dependencies:
    "@jupyter-widgets/schema" "^0.3.0"
    "@jupyterlab/services" "^0.49.0"
    "@phosphor/algorithm" "^1.1.0"
    "@phosphor/domutils" "^1.1.0"
    "@phosphor/messaging" "^1.2.0"
    "@phosphor/widgets" "^1.2.0"
    "@types/backbone" "^1.3.33"
    "@types/lodash" "^4.14.66"
    "@types/semver" "^5.3.30"
    backbone "1.2.3"
    jquery "^3.1.1"
    lodash "^4.17.4"
    semver "^5.1.0"

"@jupyter-widgets/controls@^1.0.1":
  version "1.0.1"
  resolved "https://registry.yarnpkg.com/@jupyter-widgets/controls/-/controls-1.0.1.tgz#9fcb67f3ec8e1455e2425e7050a308c76ed71043"
  dependencies:
    "@jupyter-widgets/base" "^1.0.1"
    "@jupyter-widgets/schema" "^0.3.0"
    "@jupyterlab/services" "^0.49.0"
    "@phosphor/algorithm" "^1.1.0"
    "@phosphor/domutils" "^1.1.0"
    "@phosphor/messaging" "^1.2.0"
    "@phosphor/widgets" "^1.2.0"
    "@types/backbone" "^1.3.33"
    "@types/semver" "^5.3.30"
    backbone "1.2.3"
    d3-format "^0.5.1"
    font-awesome "^4.7.0"
    jquery "^3.1.1"
    jquery-ui "^1.12.1"
    semver "^5.1.0"
    underscore "^1.8.3"

"@jupyter-widgets/html-manager@^0.10.1":
  version "0.10.1"
  resolved "https://registry.yarnpkg.com/@jupyter-widgets/html-manager/-/html-manager-0.10.1.tgz#c1451ac1fb7b6b6601d6467ebd762452b82d2890"
  dependencies:
    "@jupyter-widgets/base" "^1.0.1"
    "@jupyter-widgets/controls" "^1.0.1"
    "@jupyter-widgets/output" "^1.0.1"
    "@jupyter-widgets/schema" "^0.3.0"
    "@jupyterlab/outputarea" "^0.10.0"
    "@jupyterlab/rendermime-interfaces" "^0.3.1"
    "@phosphor/widgets" "^1.2.0"
    ajv "^5.2.2"
    font-awesome "^4.7.0"

"@jupyter-widgets/output@^1.0.1":
  version "1.0.1"
  resolved "https://registry.yarnpkg.com/@jupyter-widgets/output/-/output-1.0.1.tgz#6114ccce5d0c425eb44f4d7017f91a83b6c6164d"
  dependencies:
    "@jupyter-widgets/base" "^1.0.1"

"@jupyter-widgets/schema@^0.3.0":
  version "0.3.0"
  resolved "https://registry.yarnpkg.com/@jupyter-widgets/schema/-/schema-0.3.0.tgz#d835b8385950ab044d0bd29e1a9fc5ecb5f3fed6"

"@jupyterlab/apputils@^0.10.0":
  version "0.10.0"
  resolved "https://registry.yarnpkg.com/@jupyterlab/apputils/-/apputils-0.10.0.tgz#6da98176aa813eb389eaede81bb3ca6a361be553"
  dependencies:
    "@jupyterlab/coreutils" "^0.10.0"
    "@jupyterlab/services" "^0.49.0"
    "@phosphor/algorithm" "^1.1.1"
    "@phosphor/commands" "^1.3.0"
    "@phosphor/coreutils" "^1.2.0"
    "@phosphor/disposable" "^1.1.1"
    "@phosphor/domutils" "^1.1.1"
    "@phosphor/messaging" "^1.2.1"
    "@phosphor/properties" "^1.1.1"
    "@phosphor/signaling" "^1.2.1"
    "@phosphor/virtualdom" "^1.1.1"
    "@phosphor/widgets" "^1.3.0"
    sanitize-html "^1.14.1"

"@jupyterlab/codeeditor@^0.10.0":
  version "0.10.0"
  resolved "https://registry.yarnpkg.com/@jupyterlab/codeeditor/-/codeeditor-0.10.0.tgz#1eeb1defc615e266b24d233a0eb441f221b4deab"
  dependencies:
    "@jupyterlab/coreutils" "^0.10.0"
    "@phosphor/coreutils" "^1.2.0"
    "@phosphor/disposable" "^1.1.1"
    "@phosphor/messaging" "^1.2.1"
    "@phosphor/signaling" "^1.2.1"
    "@phosphor/virtualdom" "^1.1.1"
    "@phosphor/widgets" "^1.3.0"

"@jupyterlab/codemirror@^0.10.0":
  version "0.10.0"
  resolved "https://registry.yarnpkg.com/@jupyterlab/codemirror/-/codemirror-0.10.0.tgz#3cf506b068d34e9687fa539ca58697b5744eb44e"
  dependencies:
    "@jupyterlab/codeeditor" "^0.10.0"
    "@jupyterlab/coreutils" "^0.10.0"
    "@phosphor/algorithm" "^1.1.1"
    "@phosphor/coreutils" "^1.2.0"
    "@phosphor/disposable" "^1.1.1"
    "@phosphor/signaling" "^1.2.1"
    codemirror "^5.24.2"

"@jupyterlab/coreutils@^0.10.0":
  version "0.10.0"
  resolved "https://registry.yarnpkg.com/@jupyterlab/coreutils/-/coreutils-0.10.0.tgz#fd2d46095f18a2ff385af91f3966f816cb098cb4"
  dependencies:
    "@phosphor/algorithm" "^1.1.1"
    "@phosphor/coreutils" "^1.2.0"
    "@phosphor/disposable" "^1.1.1"
    "@phosphor/messaging" "^1.2.1"
    "@phosphor/signaling" "^1.2.1"
    ajv "^5.1.5"
    minimist "^1.2.0"
    moment "^2.17.1"
    path-posix "^1.0.0"
    url-parse "^1.1.8"

"@jupyterlab/outputarea@^0.10.0":
  version "0.10.0"
  resolved "https://registry.yarnpkg.com/@jupyterlab/outputarea/-/outputarea-0.10.0.tgz#1be821714952bb2fbc375e3979d8e2b9175b1df0"
  dependencies:
    "@jupyterlab/apputils" "^0.10.0"
    "@jupyterlab/coreutils" "^0.10.0"
    "@jupyterlab/rendermime" "^0.10.0"
    "@jupyterlab/services" "^0.49.0"
    "@phosphor/algorithm" "^1.1.1"
    "@phosphor/coreutils" "^1.2.0"
    "@phosphor/disposable" "^1.1.1"
    "@phosphor/messaging" "^1.2.1"
    "@phosphor/signaling" "^1.2.1"
    "@phosphor/widgets" "^1.3.0"

"@jupyterlab/rendermime-interfaces@^0.3.1":
  version "0.3.1"
  resolved "https://registry.yarnpkg.com/@jupyterlab/rendermime-interfaces/-/rendermime-interfaces-0.3.1.tgz#4ab708d52de1c945df65269045101549c1ae8459"
  dependencies:
    "@phosphor/coreutils" "^1.2.0"
    "@phosphor/widgets" "^1.3.0"

"@jupyterlab/rendermime@^0.10.0":
  version "0.10.0"
  resolved "https://registry.yarnpkg.com/@jupyterlab/rendermime/-/rendermime-0.10.0.tgz#9c4db04392298b5506846b778444ef5b4d940666"
  dependencies:
    "@jupyterlab/apputils" "^0.10.0"
    "@jupyterlab/codemirror" "^0.10.0"
    "@jupyterlab/coreutils" "^0.10.0"
    "@jupyterlab/rendermime-interfaces" "^0.3.1"
    "@jupyterlab/services" "^0.49.0"
    "@phosphor/coreutils" "^1.2.0"
    "@phosphor/messaging" "^1.2.1"
    "@phosphor/signaling" "^1.2.1"
    "@phosphor/widgets" "^1.3.0"
    ansi_up "^1.3.0"
    marked "^0.3.6"

"@jupyterlab/services@^0.49.0":
  version "0.49.0"
  resolved "https://registry.yarnpkg.com/@jupyterlab/services/-/services-0.49.0.tgz#cbc4873ffe25898c04946353fe4024b63d2fd620"
  dependencies:
    "@jupyterlab/coreutils" "^0.10.0"
    "@phosphor/algorithm" "^1.1.1"
    "@phosphor/coreutils" "^1.2.0"
    "@phosphor/disposable" "^1.1.1"
    "@phosphor/signaling" "^1.2.1"

"@phosphor/algorithm@^1.1.0", "@phosphor/algorithm@^1.1.1", "@phosphor/algorithm@^1.1.2":
  version "1.1.2"
  resolved "https://registry.yarnpkg.com/@phosphor/algorithm/-/algorithm-1.1.2.tgz#fd1de9104c9a7f34e92864586ddf2e7f2e7779e8"

"@phosphor/collections@^1.1.2":
  version "1.1.2"
  resolved "https://registry.yarnpkg.com/@phosphor/collections/-/collections-1.1.2.tgz#c4c0b8b91129905fb36a9f243f2dbbde462dab8d"
  dependencies:
    "@phosphor/algorithm" "^1.1.2"

"@phosphor/commands@^1.3.0", "@phosphor/commands@^1.4.0":
  version "1.4.0"
  resolved "https://registry.yarnpkg.com/@phosphor/commands/-/commands-1.4.0.tgz#7e236a4c015daf37a9586fde29188c3dac20162f"
  dependencies:
    "@phosphor/algorithm" "^1.1.2"
    "@phosphor/coreutils" "^1.3.0"
    "@phosphor/disposable" "^1.1.2"
    "@phosphor/domutils" "^1.1.2"
    "@phosphor/keyboard" "^1.1.2"
    "@phosphor/signaling" "^1.2.2"

"@phosphor/coreutils@^1.2.0", "@phosphor/coreutils@^1.3.0":
  version "1.3.0"
  resolved "https://registry.yarnpkg.com/@phosphor/coreutils/-/coreutils-1.3.0.tgz#63292d381c012c5ab0d0196e83ced829b7e04a42"

"@phosphor/disposable@^1.1.1", "@phosphor/disposable@^1.1.2":
  version "1.1.2"
  resolved "https://registry.yarnpkg.com/@phosphor/disposable/-/disposable-1.1.2.tgz#a192dd6a2e6c69d5d09d39ecf334dab93778060e"
  dependencies:
    "@phosphor/algorithm" "^1.1.2"

"@phosphor/domutils@^1.1.0", "@phosphor/domutils@^1.1.1", "@phosphor/domutils@^1.1.2":
  version "1.1.2"
  resolved "https://registry.yarnpkg.com/@phosphor/domutils/-/domutils-1.1.2.tgz#e2efeb052f398c42b93b89e9bab26af15cc00514"

"@phosphor/dragdrop@^1.3.0":
  version "1.3.0"
  resolved "https://registry.yarnpkg.com/@phosphor/dragdrop/-/dragdrop-1.3.0.tgz#7ce6ad39d6ca216d62a56f78104d02a77ae67307"
  dependencies:
    "@phosphor/coreutils" "^1.3.0"
    "@phosphor/disposable" "^1.1.2"

"@phosphor/keyboard@^1.1.2":
  version "1.1.2"
  resolved "https://registry.yarnpkg.com/@phosphor/keyboard/-/keyboard-1.1.2.tgz#3e32234451764240a98e148034d5a8797422dd1f"

"@phosphor/messaging@^1.2.0", "@phosphor/messaging@^1.2.1", "@phosphor/messaging@^1.2.2":
  version "1.2.2"
  resolved "https://registry.yarnpkg.com/@phosphor/messaging/-/messaging-1.2.2.tgz#7d896ddd3797b94a347708ded13da5783db75c14"
  dependencies:
    "@phosphor/algorithm" "^1.1.2"
    "@phosphor/collections" "^1.1.2"

"@phosphor/properties@^1.1.1", "@phosphor/properties@^1.1.2":
  version "1.1.2"
  resolved "https://registry.yarnpkg.com/@phosphor/properties/-/properties-1.1.2.tgz#78cc77eff452839da02255de48e814946cc09a28"

"@phosphor/signaling@^1.2.1", "@phosphor/signaling@^1.2.2":
  version "1.2.2"
  resolved "https://registry.yarnpkg.com/@phosphor/signaling/-/signaling-1.2.2.tgz#3fcf97ca88e38bfb357fe8fe6bf7513347a514a9"
  dependencies:
    "@phosphor/algorithm" "^1.1.2"

"@phosphor/virtualdom@^1.1.1", "@phosphor/virtualdom@^1.1.2":
  version "1.1.2"
  resolved "https://registry.yarnpkg.com/@phosphor/virtualdom/-/virtualdom-1.1.2.tgz#ce55c86eef31e5d0e26b1dc96ea32bd684458f41"
  dependencies:
    "@phosphor/algorithm" "^1.1.2"

"@phosphor/widgets@^1.2.0", "@phosphor/widgets@^1.3.0":
  version "1.5.0"
  resolved "https://registry.yarnpkg.com/@phosphor/widgets/-/widgets-1.5.0.tgz#5f998e86f5fde78d8aa44d7dc147686ca661681e"
  dependencies:
    "@phosphor/algorithm" "^1.1.2"
    "@phosphor/commands" "^1.4.0"
    "@phosphor/coreutils" "^1.3.0"
    "@phosphor/disposable" "^1.1.2"
    "@phosphor/domutils" "^1.1.2"
    "@phosphor/dragdrop" "^1.3.0"
    "@phosphor/keyboard" "^1.1.2"
    "@phosphor/messaging" "^1.2.2"
    "@phosphor/properties" "^1.1.2"
    "@phosphor/signaling" "^1.2.2"
    "@phosphor/virtualdom" "^1.1.2"

"@types/backbone@^1.3.33":
  version "1.3.36"
  resolved "https://registry.yarnpkg.com/@types/backbone/-/backbone-1.3.36.tgz#4a9d4665cb35ce8e4ce4ebe489c41fa7e6c35aba"
  dependencies:
    "@types/jquery" "*"
    "@types/underscore" "*"

"@types/codemirror@0.0.33":
  version "0.0.33"
  resolved "https://registry.yarnpkg.com/@types/codemirror/-/codemirror-0.0.33.tgz#94c2c817fcec29c07d887f7d8bae018fc345e145"

"@types/jquery@*":
  version "3.2.12"
  resolved "https://registry.yarnpkg.com/@types/jquery/-/jquery-3.2.12.tgz#f496823108c3874c97c9a822e675a3926ee64b46"

"@types/lodash@^4.14.66":
  version "4.14.74"
  resolved "https://registry.yarnpkg.com/@types/lodash/-/lodash-4.14.74.tgz#ac3bd8db988e7f7038e5d22bd76a7ba13f876168"

"@types/semver@^5.3.30":
  version "5.4.0"
  resolved "https://registry.yarnpkg.com/@types/semver/-/semver-5.4.0.tgz#f3658535af7f1f502acd6da7daf405ffeb1f7ee4"

"@types/underscore@*":
  version "1.8.2"
  resolved "https://registry.yarnpkg.com/@types/underscore/-/underscore-1.8.2.tgz#42a313784a8611cf425038cf0e33f4e8d79c9fca"

ajv@^5.1.5, ajv@^5.2.2:
  version "5.2.2"
  resolved "https://registry.yarnpkg.com/ajv/-/ajv-5.2.2.tgz#47c68d69e86f5d953103b0074a9430dc63da5e39"
  dependencies:
    co "^4.6.0"
    fast-deep-equal "^1.0.0"
    json-schema-traverse "^0.3.0"
    json-stable-stringify "^1.0.1"

ansi_up@^1.3.0:
  version "1.3.0"
  resolved "https://registry.yarnpkg.com/ansi_up/-/ansi_up-1.3.0.tgz#c9c946bfc0b9bb5eaa060684bf2abaafe68bbd44"

async@^1.5.2:
  version "1.5.2"
  resolved "https://registry.yarnpkg.com/async/-/async-1.5.2.tgz#ec6a61ae56480c0c3cb241c95618e20892f9672a"

backbone@1.2.3:
  version "1.2.3"
  resolved "https://registry.yarnpkg.com/backbone/-/backbone-1.2.3.tgz#c22cfd07fc86ebbeae61d18929ed115e999d65b9"
  dependencies:
    underscore ">=1.7.0"

co@^4.6.0:
  version "4.6.0"
  resolved "https://registry.yarnpkg.com/co/-/co-4.6.0.tgz#6ea6bdf3d853ae54ccb8e47bfa0bf3f9031fb184"

codemirror@^5.24.2, codemirror@^5.9.0:
  version "5.29.0"
  resolved "https://registry.yarnpkg.com/codemirror/-/codemirror-5.29.0.tgz#e68de1350e2f0ce804a3930576d0ae318736e967"

colors@1.0.3:
  version "1.0.3"
  resolved "https://registry.yarnpkg.com/colors/-/colors-1.0.3.tgz#0433f44d809680fdeb60ed260f1b0c262e82a40b"

core-util-is@~1.0.0:
  version "1.0.2"
  resolved "https://registry.yarnpkg.com/core-util-is/-/core-util-is-1.0.2.tgz#b5fd54220aa2bc5ab57aab7140c940754503c1a7"

corser@~2.0.0:
  version "2.0.1"
  resolved "https://registry.yarnpkg.com/corser/-/corser-2.0.1.tgz#8eda252ecaab5840dcd975ceb90d9370c819ff87"

d3-format@^0.5.1:
  version "0.5.1"
  resolved "https://registry.yarnpkg.com/d3-format/-/d3-format-0.5.1.tgz#9447d7c95c84b15d34c138975dbf0489a412e405"

debug@^2.2.0:
  version "2.6.8"
  resolved "https://registry.yarnpkg.com/debug/-/debug-2.6.8.tgz#e731531ca2ede27d188222427da17821d68ff4fc"
  dependencies:
    ms "2.0.0"

dom-serializer@0:
  version "0.1.0"
  resolved "https://registry.yarnpkg.com/dom-serializer/-/dom-serializer-0.1.0.tgz#073c697546ce0780ce23be4a28e293e40bc30c82"
  dependencies:
    domelementtype "~1.1.1"
    entities "~1.1.1"

domelementtype@1, domelementtype@^1.3.0:
  version "1.3.0"
  resolved "https://registry.yarnpkg.com/domelementtype/-/domelementtype-1.3.0.tgz#b17aed82e8ab59e52dd9c19b1756e0fc187204c2"

domelementtype@~1.1.1:
  version "1.1.3"
  resolved "https://registry.yarnpkg.com/domelementtype/-/domelementtype-1.1.3.tgz#bd28773e2642881aec51544924299c5cd822185b"

domhandler@^2.3.0:
  version "2.4.1"
  resolved "https://registry.yarnpkg.com/domhandler/-/domhandler-2.4.1.tgz#892e47000a99be55bbf3774ffea0561d8879c259"
  dependencies:
    domelementtype "1"

domutils@^1.5.1:
  version "1.6.2"
  resolved "https://registry.yarnpkg.com/domutils/-/domutils-1.6.2.tgz#1958cc0b4c9426e9ed367fb1c8e854891b0fa3ff"
  dependencies:
    dom-serializer "0"
    domelementtype "1"

ecstatic@^2.0.0:
  version "2.2.1"
  resolved "https://registry.yarnpkg.com/ecstatic/-/ecstatic-2.2.1.tgz#b5087fad439dd9dd49d31e18131454817fe87769"
  dependencies:
    he "^1.1.1"
    mime "^1.2.11"
    minimist "^1.1.0"
    url-join "^2.0.2"

entities@^1.1.1, entities@~1.1.1:
  version "1.1.1"
  resolved "https://registry.yarnpkg.com/entities/-/entities-1.1.1.tgz#6e5c2d0a5621b5dadaecef80b90edfb5cd7772f0"

eventemitter3@1.x.x:
  version "1.2.0"
  resolved "https://registry.yarnpkg.com/eventemitter3/-/eventemitter3-1.2.0.tgz#1c86991d816ad1e504750e73874224ecf3bec508"

fast-deep-equal@^1.0.0:
  version "1.0.0"
  resolved "https://registry.yarnpkg.com/fast-deep-equal/-/fast-deep-equal-1.0.0.tgz#96256a3bc975595eb36d82e9929d060d893439ff"

font-awesome@^4.7.0:
  version "4.7.0"
  resolved "https://registry.yarnpkg.com/font-awesome/-/font-awesome-4.7.0.tgz#8fa8cf0411a1a31afd07b06d2902bb9fc815a133"

he@^1.1.1:
  version "1.1.1"
  resolved "https://registry.yarnpkg.com/he/-/he-1.1.1.tgz#93410fd21b009735151f8868c2f271f3427e23fd"

htmlparser2@^3.9.0:
  version "3.9.2"
  resolved "https://registry.yarnpkg.com/htmlparser2/-/htmlparser2-3.9.2.tgz#1bdf87acca0f3f9e53fa4fcceb0f4b4cbb00b338"
  dependencies:
    domelementtype "^1.3.0"
    domhandler "^2.3.0"
    domutils "^1.5.1"
    entities "^1.1.1"
    inherits "^2.0.1"
    readable-stream "^2.0.2"

http-proxy@^1.8.1:
  version "1.16.2"
  resolved "https://registry.yarnpkg.com/http-proxy/-/http-proxy-1.16.2.tgz#06dff292952bf64dbe8471fa9df73066d4f37742"
  dependencies:
    eventemitter3 "1.x.x"
    requires-port "1.x.x"

http-server@^0.10.0:
  version "0.10.0"
  resolved "https://registry.yarnpkg.com/http-server/-/http-server-0.10.0.tgz#b2a446b16a9db87ed3c622ba9beb1b085b1234a7"
  dependencies:
    colors "1.0.3"
    corser "~2.0.0"
    ecstatic "^2.0.0"
    http-proxy "^1.8.1"
    opener "~1.4.0"
    optimist "0.6.x"
    portfinder "^1.0.13"
    union "~0.4.3"

inherits@^2.0.1, inherits@~2.0.3:
  version "2.0.3"
  resolved "https://registry.yarnpkg.com/inherits/-/inherits-2.0.3.tgz#633c2c83e3da42a502f52466022480f4208261de"

isarray@~1.0.0:
  version "1.0.0"
  resolved "https://registry.yarnpkg.com/isarray/-/isarray-1.0.0.tgz#bb935d48582cba168c06834957a54a3e07124f11"

jquery-ui@^1.12.1:
  version "1.12.1"
  resolved "https://registry.yarnpkg.com/jquery-ui/-/jquery-ui-1.12.1.tgz#bcb4045c8dd0539c134bc1488cdd3e768a7a9e51"

jquery@^3.1.1, jquery@^3.2.1:
  version "3.2.1"
  resolved "https://registry.yarnpkg.com/jquery/-/jquery-3.2.1.tgz#5c4d9de652af6cd0a770154a631bba12b015c787"

json-schema-traverse@^0.3.0:
  version "0.3.1"
  resolved "https://registry.yarnpkg.com/json-schema-traverse/-/json-schema-traverse-0.3.1.tgz#349a6d44c53a51de89b40805c5d5e59b417d3340"

json-stable-stringify@^1.0.1:
  version "1.0.1"
  resolved "https://registry.yarnpkg.com/json-stable-stringify/-/json-stable-stringify-1.0.1.tgz#9a759d39c5f2ff503fd5300646ed445f88c4f9af"
  dependencies:
    jsonify "~0.0.0"

jsonify@~0.0.0:
  version "0.0.0"
  resolved "https://registry.yarnpkg.com/jsonify/-/jsonify-0.0.0.tgz#2c74b6ee41d93ca51b7b5aaee8f503631d252a73"

lodash.debounce@^4.0.8:
  version "4.0.8"
  resolved "https://registry.yarnpkg.com/lodash.debounce/-/lodash.debounce-4.0.8.tgz#82d79bff30a67c4005ffd5e2515300ad9ca4d7af"

lodash@^4.17.4:
  version "4.17.4"
  resolved "https://registry.yarnpkg.com/lodash/-/lodash-4.17.4.tgz#78203a4d1c328ae1d86dca6460e369b57f4055ae"

marked@^0.3.6:
  version "0.3.6"
  resolved "https://registry.yarnpkg.com/marked/-/marked-0.3.6.tgz#b2c6c618fccece4ef86c4fc6cb8a7cbf5aeda8d7"

mime@^1.2.11:
  version "1.3.6"
  resolved "https://registry.yarnpkg.com/mime/-/mime-1.3.6.tgz#591d84d3653a6b0b4a3b9df8de5aa8108e72e5e0"

minimist@0.0.8:
  version "0.0.8"
  resolved "https://registry.yarnpkg.com/minimist/-/minimist-0.0.8.tgz#857fcabfc3397d2625b8228262e86aa7a011b05d"

minimist@^1.1.0, minimist@^1.2.0:
  version "1.2.0"
  resolved "https://registry.yarnpkg.com/minimist/-/minimist-1.2.0.tgz#a35008b20f41383eec1fb914f4cd5df79a264284"

minimist@~0.0.1:
  version "0.0.10"
  resolved "https://registry.yarnpkg.com/minimist/-/minimist-0.0.10.tgz#de3f98543dbf96082be48ad1a0c7cda836301dcf"

mkdirp@0.5.x:
  version "0.5.1"
  resolved "https://registry.yarnpkg.com/mkdirp/-/mkdirp-0.5.1.tgz#30057438eac6cf7f8c4767f38648d6697d75c903"
  dependencies:
    minimist "0.0.8"

moment@^2.17.1:
  version "2.18.1"
  resolved "https://registry.yarnpkg.com/moment/-/moment-2.18.1.tgz#c36193dd3ce1c2eed2adb7c802dbbc77a81b1c0f"

ms@2.0.0:
  version "2.0.0"
  resolved "https://registry.yarnpkg.com/ms/-/ms-2.0.0.tgz#5608aeadfc00be6c2901df5f9861788de0d597c8"

opener@~1.4.0:
  version "1.4.3"
  resolved "https://registry.yarnpkg.com/opener/-/opener-1.4.3.tgz#5c6da2c5d7e5831e8ffa3964950f8d6674ac90b8"

optimist@0.6.x:
  version "0.6.1"
  resolved "https://registry.yarnpkg.com/optimist/-/optimist-0.6.1.tgz#da3ea74686fa21a19a111c326e90eb15a0196686"
  dependencies:
    minimist "~0.0.1"
    wordwrap "~0.0.2"

path-posix@^1.0.0:
  version "1.0.0"
  resolved "https://registry.yarnpkg.com/path-posix/-/path-posix-1.0.0.tgz#06b26113f56beab042545a23bfa88003ccac260f"

portfinder@^1.0.13:
  version "1.0.13"
  resolved "https://registry.yarnpkg.com/portfinder/-/portfinder-1.0.13.tgz#bb32ecd87c27104ae6ee44b5a3ccbf0ebb1aede9"
  dependencies:
    async "^1.5.2"
    debug "^2.2.0"
    mkdirp "0.5.x"

process-nextick-args@~1.0.6:
  version "1.0.7"
  resolved "https://registry.yarnpkg.com/process-nextick-args/-/process-nextick-args-1.0.7.tgz#150e20b756590ad3f91093f25a4f2ad8bff30ba3"

qs@~2.3.3:
  version "2.3.3"
  resolved "https://registry.yarnpkg.com/qs/-/qs-2.3.3.tgz#e9e85adbe75da0bbe4c8e0476a086290f863b404"

querystringify@~1.0.0:
  version "1.0.0"
  resolved "https://registry.yarnpkg.com/querystringify/-/querystringify-1.0.0.tgz#6286242112c5b712fa654e526652bf6a13ff05cb"

readable-stream@^2.0.2:
  version "2.3.3"
  resolved "https://registry.yarnpkg.com/readable-stream/-/readable-stream-2.3.3.tgz#368f2512d79f9d46fdfc71349ae7878bbc1eb95c"
  dependencies:
    core-util-is "~1.0.0"
    inherits "~2.0.3"
    isarray "~1.0.0"
    process-nextick-args "~1.0.6"
    safe-buffer "~5.1.1"
    string_decoder "~1.0.3"
    util-deprecate "~1.0.1"

regexp-quote@0.0.0:
  version "0.0.0"
  resolved "https://registry.yarnpkg.com/regexp-quote/-/regexp-quote-0.0.0.tgz#1e0f4650c862dcbfed54fd42b148e9bb1721fcf2"

requires-port@1.0.x, requires-port@1.x.x:
  version "1.0.0"
  resolved "https://registry.yarnpkg.com/requires-port/-/requires-port-1.0.0.tgz#925d2601d39ac485e091cf0da5c6e694dc3dcaff"

safe-buffer@~5.1.0, safe-buffer@~5.1.1:
  version "5.1.1"
  resolved "https://registry.yarnpkg.com/safe-buffer/-/safe-buffer-5.1.1.tgz#893312af69b2123def71f57889001671eeb2c853"

sanitize-html@^1.14.1:
  version "1.14.1"
  resolved "https://registry.yarnpkg.com/sanitize-html/-/sanitize-html-1.14.1.tgz#730ffa2249bdf18333effe45b286173c9c5ad0b8"
  dependencies:
    htmlparser2 "^3.9.0"
    regexp-quote "0.0.0"
    xtend "^4.0.0"

semver@^5.1.0:
  version "5.4.1"
  resolved "https://registry.yarnpkg.com/semver/-/semver-5.4.1.tgz#e059c09d8571f0540823733433505d3a2f00b18e"

string_decoder@~1.0.3:
  version "1.0.3"
  resolved "https://registry.yarnpkg.com/string_decoder/-/string_decoder-1.0.3.tgz#0fc67d7c141825de94282dd536bec6b9bce860ab"
  dependencies:
    safe-buffer "~5.1.0"

underscore@>=1.7.0, underscore@^1.8.3:
  version "1.8.3"
  resolved "https://registry.yarnpkg.com/underscore/-/underscore-1.8.3.tgz#4f3fb53b106e6097fcf9cb4109f2a5e9bdfa5022"

union@~0.4.3:
  version "0.4.6"
  resolved "https://registry.yarnpkg.com/union/-/union-0.4.6.tgz#198fbdaeba254e788b0efcb630bc11f24a2959e0"
  dependencies:
    qs "~2.3.3"

url-join@^2.0.2:
  version "2.0.2"
  resolved "https://registry.yarnpkg.com/url-join/-/url-join-2.0.2.tgz#c072756967ad24b8b59e5741551caac78f50b8b7"

url-parse@^1.1.8:
  version "1.1.9"
  resolved "https://registry.yarnpkg.com/url-parse/-/url-parse-1.1.9.tgz#c67f1d775d51f0a18911dd7b3ffad27bb9e5bd19"
  dependencies:
    querystringify "~1.0.0"
    requires-port "1.0.x"

util-deprecate@~1.0.1:
  version "1.0.2"
  resolved "https://registry.yarnpkg.com/util-deprecate/-/util-deprecate-1.0.2.tgz#450d4dc9fa70de732762fbd2d4a28981419a0ccf"

wordwrap@~0.0.2:
  version "0.0.3"
  resolved "https://registry.yarnpkg.com/wordwrap/-/wordwrap-0.0.3.tgz#a3d5da6cd5c0bc0008d37234bbaf1bed63059107"

xtend@^4.0.0:
  version "4.0.1"
  resolved "https://registry.yarnpkg.com/xtend/-/xtend-4.0.1.tgz#a5c6d532be656e23db820efb943a1f04998d63af"
